// !$*UTF8*$!
{
	archiveVersion = 1;
	classes = {
	};
	objectVersion = 46;
	objects = {

/* Begin PBXBuildFile section */
		380B49891ED96EFA005F030B /* AppDelegate.swift in Sources */ = {isa = PBXBuildFile; fileRef = 380B49881ED96EFA005F030B /* AppDelegate.swift */; };
		380B498B1ED96EFA005F030B /* ViewController.swift in Sources */ = {isa = PBXBuildFile; fileRef = 380B498A1ED96EFA005F030B /* ViewController.swift */; };
		380B498E1ED96EFA005F030B /* Main.storyboard in Resources */ = {isa = PBXBuildFile; fileRef = 380B498C1ED96EFA005F030B /* Main.storyboard */; };
		380B49911ED96EFB005F030B /* Calculator_Tip.xcdatamodeld in Sources */ = {isa = PBXBuildFile; fileRef = 380B498F1ED96EFB005F030B /* Calculator_Tip.xcdatamodeld */; };
		380B49931ED96EFB005F030B /* Assets.xcassets in Resources */ = {isa = PBXBuildFile; fileRef = 380B49921ED96EFB005F030B /* Assets.xcassets */; };
		380B49961ED96EFB005F030B /* LaunchScreen.storyboard in Resources */ = {isa = PBXBuildFile; fileRef = 380B49941ED96EFB005F030B /* LaunchScreen.storyboard */; };
		380B49A11ED96EFB005F030B /* Calculator_TipTests.swift in Sources */ = {isa = PBXBuildFile; fileRef = 380B49A01ED96EFB005F030B /* Calculator_TipTests.swift */; };
		380B49AC1ED96EFB005F030B /* Calculator_TipUITests.swift in Sources */ = {isa = PBXBuildFile; fileRef = 380B49AB1ED96EFB005F030B /* Calculator_TipUITests.swift */; };
		F62539161EDE6BD4007ACA8B /* HistoryTableViewController.swift in Sources */ = {isa = PBXBuildFile; fileRef = F62539151EDE6BD4007ACA8B /* HistoryTableViewController.swift */; };
		F62539181EDE6BEF007ACA8B /* HistoryCellTableView.swift in Sources */ = {isa = PBXBuildFile; fileRef = F62539171EDE6BEF007ACA8B /* HistoryCellTableView.swift */; };
		F6BDF9591EDDBBFF002C22FA /* SettingViewController.swift in Sources */ = {isa = PBXBuildFile; fileRef = F6BDF9581EDDBBFF002C22FA /* SettingViewController.swift */; };
/* End PBXBuildFile section */

/* Begin PBXContainerItemProxy section */
		380B499D1ED96EFB005F030B /* PBXContainerItemProxy */ = {
			isa = PBXContainerItemProxy;
			containerPortal = 380B497D1ED96EFA005F030B /* Project object */;
			proxyType = 1;
			remoteGlobalIDString = 380B49841ED96EFA005F030B;
			remoteInfo = "Calculator Tip";
		};
		380B49A81ED96EFB005F030B /* PBXContainerItemProxy */ = {
			isa = PBXContainerItemProxy;
			containerPortal = 380B497D1ED96EFA005F030B /* Project object */;
			proxyType = 1;
			remoteGlobalIDString = 380B49841ED96EFA005F030B;
			remoteInfo = "Calculator Tip";
		};
/* End PBXContainerItemProxy section */

/* Begin PBXFileReference section */
		380B49851ED96EFA005F030B /* Calculator Tip.app */ = {isa = PBXFileReference; explicitFileType = wrapper.application; includeInIndex = 0; path = "Calculator Tip.app"; sourceTree = BUILT_PRODUCTS_DIR; };
		380B49881ED96EFA005F030B /* AppDelegate.swift */ = {isa = PBXFileReference; lastKnownFileType = sourcecode.swift; path = AppDelegate.swift; sourceTree = "<group>"; };
		380B498A1ED96EFA005F030B /* ViewController.swift */ = {isa = PBXFileReference; lastKnownFileType = sourcecode.swift; path = ViewController.swift; sourceTree = "<group>"; };
		380B498D1ED96EFA005F030B /* Base */ = {isa = PBXFileReference; lastKnownFileType = file.storyboard; name = Base; path = Base.lproj/Main.storyboard; sourceTree = "<group>"; };
		380B49901ED96EFB005F030B /* Calculator_Tip.xcdatamodel */ = {isa = PBXFileReference; lastKnownFileType = wrapper.xcdatamodel; path = Calculator_Tip.xcdatamodel; sourceTree = "<group>"; };
		380B49921ED96EFB005F030B /* Assets.xcassets */ = {isa = PBXFileReference; lastKnownFileType = folder.assetcatalog; path = Assets.xcassets; sourceTree = "<group>"; };
		380B49951ED96EFB005F030B /* Base */ = {isa = PBXFileReference; lastKnownFileType = file.storyboard; name = Base; path = Base.lproj/LaunchScreen.storyboard; sourceTree = "<group>"; };
		380B49971ED96EFB005F030B /* Info.plist */ = {isa = PBXFileReference; lastKnownFileType = text.plist.xml; path = Info.plist; sourceTree = "<group>"; };
		380B499C1ED96EFB005F030B /* Calculator TipTests.xctest */ = {isa = PBXFileReference; explicitFileType = wrapper.cfbundle; includeInIndex = 0; path = "Calculator TipTests.xctest"; sourceTree = BUILT_PRODUCTS_DIR; };
		380B49A01ED96EFB005F030B /* Calculator_TipTests.swift */ = {isa = PBXFileReference; lastKnownFileType = sourcecode.swift; path = Calculator_TipTests.swift; sourceTree = "<group>"; };
		380B49A21ED96EFB005F030B /* Info.plist */ = {isa = PBXFileReference; lastKnownFileType = text.plist.xml; path = Info.plist; sourceTree = "<group>"; };
		380B49A71ED96EFB005F030B /* Calculator TipUITests.xctest */ = {isa = PBXFileReference; explicitFileType = wrapper.cfbundle; includeInIndex = 0; path = "Calculator TipUITests.xctest"; sourceTree = BUILT_PRODUCTS_DIR; };
		380B49AB1ED96EFB005F030B /* Calculator_TipUITests.swift */ = {isa = PBXFileReference; lastKnownFileType = sourcecode.swift; path = Calculator_TipUITests.swift; sourceTree = "<group>"; };
		380B49AD1ED96EFB005F030B /* Info.plist */ = {isa = PBXFileReference; lastKnownFileType = text.plist.xml; path = Info.plist; sourceTree = "<group>"; };
		F62539151EDE6BD4007ACA8B /* HistoryTableViewController.swift */ = {isa = PBXFileReference; fileEncoding = 4; lastKnownFileType = sourcecode.swift; path = HistoryTableViewController.swift; sourceTree = "<group>"; };
		F62539171EDE6BEF007ACA8B /* HistoryCellTableView.swift */ = {isa = PBXFileReference; fileEncoding = 4; lastKnownFileType = sourcecode.swift; path = HistoryCellTableView.swift; sourceTree = "<group>"; };
		F6BDF9581EDDBBFF002C22FA /* SettingViewController.swift */ = {isa = PBXFileReference; fileEncoding = 4; lastKnownFileType = sourcecode.swift; path = SettingViewController.swift; sourceTree = "<group>"; };
/* End PBXFileReference section */

/* Begin PBXFrameworksBuildPhase section */
		380B49821ED96EFA005F030B /* Frameworks */ = {
			isa = PBXFrameworksBuildPhase;
			buildActionMask = 2147483647;
			files = (
			);
			runOnlyForDeploymentPostprocessing = 0;
		};
		380B49991ED96EFB005F030B /* Frameworks */ = {
			isa = PBXFrameworksBuildPhase;
			buildActionMask = 2147483647;
			files = (
			);
			runOnlyForDeploymentPostprocessing = 0;
		};
		380B49A41ED96EFB005F030B /* Frameworks */ = {
			isa = PBXFrameworksBuildPhase;
			buildActionMask = 2147483647;
			files = (
			);
			runOnlyForDeploymentPostprocessing = 0;
		};
/* End PBXFrameworksBuildPhase section */

/* Begin PBXGroup section */
		380B497C1ED96EFA005F030B = {
			isa = PBXGroup;
			children = (
				380B49871ED96EFA005F030B /* Calculator Tip */,
				380B499F1ED96EFB005F030B /* Calculator TipTests */,
				380B49AA1ED96EFB005F030B /* Calculator TipUITests */,
				380B49861ED96EFA005F030B /* Products */,
			);
			sourceTree = "<group>";
		};
		380B49861ED96EFA005F030B /* Products */ = {
			isa = PBXGroup;
			children = (
				380B49851ED96EFA005F030B /* Calculator Tip.app */,
				380B499C1ED96EFB005F030B /* Calculator TipTests.xctest */,
				380B49A71ED96EFB005F030B /* Calculator TipUITests.xctest */,
			);
			name = Products;
			sourceTree = "<group>";
		};
		380B49871ED96EFA005F030B /* Calculator Tip */ = {
			isa = PBXGroup;
			children = (
				380B49881ED96EFA005F030B /* AppDelegate.swift */,
				380B498A1ED96EFA005F030B /* ViewController.swift */,
				380B498C1ED96EFA005F030B /* Main.storyboard */,
				380B49921ED96EFB005F030B /* Assets.xcassets */,
				380B49941ED96EFB005F030B /* LaunchScreen.storyboard */,
				380B49971ED96EFB005F030B /* Info.plist */,
				380B498F1ED96EFB005F030B /* Calculator_Tip.xcdatamodeld */,
				F6BDF9581EDDBBFF002C22FA /* SettingViewController.swift */,
				F62539151EDE6BD4007ACA8B /* HistoryTableViewController.swift */,
				F62539171EDE6BEF007ACA8B /* HistoryCellTableView.swift */,
			);
			path = "Calculator Tip";
			sourceTree = "<group>";
		};
		380B499F1ED96EFB005F030B /* Calculator TipTests */ = {
			isa = PBXGroup;
			children = (
				380B49A01ED96EFB005F030B /* Calculator_TipTests.swift */,
				380B49A21ED96EFB005F030B /* Info.plist */,
			);
			path = "Calculator TipTests";
			sourceTree = "<group>";
		};
		380B49AA1ED96EFB005F030B /* Calculator TipUITests */ = {
			isa = PBXGroup;
			children = (
				380B49AB1ED96EFB005F030B /* Calculator_TipUITests.swift */,
				380B49AD1ED96EFB005F030B /* Info.plist */,
			);
			path = "Calculator TipUITests";
			sourceTree = "<group>";
		};
/* End PBXGroup section */

/* Begin PBXNativeTarget section */
		380B49841ED96EFA005F030B /* Calculator Tip */ = {
			isa = PBXNativeTarget;
			buildConfigurationList = 380B49B01ED96EFB005F030B /* Build configuration list for PBXNativeTarget "Calculator Tip" */;
			buildPhases = (
				380B49811ED96EFA005F030B /* Sources */,
				380B49821ED96EFA005F030B /* Frameworks */,
				380B49831ED96EFA005F030B /* Resources */,
			);
			buildRules = (
			);
			dependencies = (
			);
			name = "Calculator Tip";
			productName = "Calculator Tip";
			productReference = 380B49851ED96EFA005F030B /* Calculator Tip.app */;
			productType = "com.apple.product-type.application";
		};
		380B499B1ED96EFB005F030B /* Calculator TipTests */ = {
			isa = PBXNativeTarget;
			buildConfigurationList = 380B49B31ED96EFB005F030B /* Build configuration list for PBXNativeTarget "Calculator TipTests" */;
			buildPhases = (
				380B49981ED96EFB005F030B /* Sources */,
				380B49991ED96EFB005F030B /* Frameworks */,
				380B499A1ED96EFB005F030B /* Resources */,
			);
			buildRules = (
			);
			dependencies = (
				380B499E1ED96EFB005F030B /* PBXTargetDependency */,
			);
			name = "Calculator TipTests";
			productName = "Calculator TipTests";
			productReference = 380B499C1ED96EFB005F030B /* Calculator TipTests.xctest */;
			productType = "com.apple.product-type.bundle.unit-test";
		};
		380B49A61ED96EFB005F030B /* Calculator TipUITests */ = {
			isa = PBXNativeTarget;
			buildConfigurationList = 380B49B61ED96EFB005F030B /* Build configuration list for PBXNativeTarget "Calculator TipUITests" */;
			buildPhases = (
				380B49A31ED96EFB005F030B /* Sources */,
				380B49A41ED96EFB005F030B /* Frameworks */,
				380B49A51ED96EFB005F030B /* Resources */,
			);
			buildRules = (
			);
			dependencies = (
				380B49A91ED96EFB005F030B /* PBXTargetDependency */,
			);
			name = "Calculator TipUITests";
			productName = "Calculator TipUITests";
			productReference = 380B49A71ED96EFB005F030B /* Calculator TipUITests.xctest */;
			productType = "com.apple.product-type.bundle.ui-testing";
		};
/* End PBXNativeTarget section */

/* Begin PBXProject section */
		380B497D1ED96EFA005F030B /* Project object */ = {
			isa = PBXProject;
			attributes = {
				LastSwiftUpdateCheck = 0830;
				LastUpgradeCheck = 0830;
				ORGANIZATIONNAME = Nhom5;
				TargetAttributes = {
					380B49841ED96EFA005F030B = {
						CreatedOnToolsVersion = 8.3;
						ProvisioningStyle = Automatic;
					};
					380B499B1ED96EFB005F030B = {
						CreatedOnToolsVersion = 8.3;
						ProvisioningStyle = Automatic;
						TestTargetID = 380B49841ED96EFA005F030B;
					};
					380B49A61ED96EFB005F030B = {
						CreatedOnToolsVersion = 8.3;
						ProvisioningStyle = Automatic;
						TestTargetID = 380B49841ED96EFA005F030B;
					};
				};
			};
			buildConfigurationList = 380B49801ED96EFA005F030B /* Build configuration list for PBXProject "Calculator Tip" */;
			compatibilityVersion = "Xcode 3.2";
			developmentRegion = English;
			hasScannedForEncodings = 0;
			knownRegions = (
				en,
				Base,
			);
			mainGroup = 380B497C1ED96EFA005F030B;
			productRefGroup = 380B49861ED96EFA005F030B /* Products */;
			projectDirPath = "";
			projectRoot = "";
			targets = (
				380B49841ED96EFA005F030B /* Calculator Tip */,
				380B499B1ED96EFB005F030B /* Calculator TipTests */,
				380B49A61ED96EFB005F030B /* Calculator TipUITests */,
			);
		};
/* End PBXProject section */

/* Begin PBXResourcesBuildPhase section */
		380B49831ED96EFA005F030B /* Resources */ = {
			isa = PBXResourcesBuildPhase;
			buildActionMask = 2147483647;
			files = (
				380B49961ED96EFB005F030B /* LaunchScreen.storyboard in Resources */,
				380B49931ED96EFB005F030B /* Assets.xcassets in Resources */,
				380B498E1ED96EFA005F030B /* Main.storyboard in Resources */,
			);
			runOnlyForDeploymentPostprocessing = 0;
		};
		380B499A1ED96EFB005F030B /* Resources */ = {
			isa = PBXResourcesBuildPhase;
			buildActionMask = 2147483647;
			files = (
			);
			runOnlyForDeploymentPostprocessing = 0;
		};
		380B49A51ED96EFB005F030B /* Resources */ = {
			isa = PBXResourcesBuildPhase;
			buildActionMask = 2147483647;
			files = (
			);
			runOnlyForDeploymentPostprocessing = 0;
		};
/* End PBXResourcesBuildPhase section */

/* Begin PBXSourcesBuildPhase section */
		380B49811ED96EFA005F030B /* Sources */ = {
			isa = PBXSourcesBuildPhase;
			buildActionMask = 2147483647;
			files = (
				380B49911ED96EFB005F030B /* Calculator_Tip.xcdatamodeld in Sources */,
				380B498B1ED96EFA005F030B /* ViewController.swift in Sources */,
				380B49891ED96EFA005F030B /* AppDelegate.swift in Sources */,
				F6BDF9591EDDBBFF002C22FA /* SettingViewController.swift in Sources */,
				F62539181EDE6BEF007ACA8B /* HistoryCellTableView.swift in Sources */,
				F62539161EDE6BD4007ACA8B /* HistoryTableViewController.swift in Sources */,
			);
			runOnlyForDeploymentPostprocessing = 0;
		};
		380B49981ED96EFB005F030B /* Sources */ = {
			isa = PBXSourcesBuildPhase;
			buildActionMask = 2147483647;
			files = (
				380B49A11ED96EFB005F030B /* Calculator_TipTests.swift in Sources */,
			);
			runOnlyForDeploymentPostprocessing = 0;
		};
		380B49A31ED96EFB005F030B /* Sources */ = {
			isa = PBXSourcesBuildPhase;
			buildActionMask = 2147483647;
			files = (
				380B49AC1ED96EFB005F030B /* Calculator_TipUITests.swift in Sources */,
			);
			runOnlyForDeploymentPostprocessing = 0;
		};
/* End PBXSourcesBuildPhase section */

/* Begin PBXTargetDependency section */
		380B499E1ED96EFB005F030B /* PBXTargetDependency */ = {
			isa = PBXTargetDependency;
			target = 380B49841ED96EFA005F030B /* Calculator Tip */;
			targetProxy = 380B499D1ED96EFB005F030B /* PBXContainerItemProxy */;
		};
		380B49A91ED96EFB005F030B /* PBXTargetDependency */ = {
			isa = PBXTargetDependency;
			target = 380B49841ED96EFA005F030B /* Calculator Tip */;
			targetProxy = 380B49A81ED96EFB005F030B /* PBXContainerItemProxy */;
		};
/* End PBXTargetDependency section */

/* Begin PBXVariantGroup section */
		380B498C1ED96EFA005F030B /* Main.storyboard */ = {
			isa = PBXVariantGroup;
			children = (
				380B498D1ED96EFA005F030B /* Base */,
			);
			name = Main.storyboard;
			sourceTree = "<group>";
		};
		380B49941ED96EFB005F030B /* LaunchScreen.storyboard */ = {
			isa = PBXVariantGroup;
			children = (
				380B49951ED96EFB005F030B /* Base */,
			);
			name = LaunchScreen.storyboard;
			sourceTree = "<group>";
		};
/* End PBXVariantGroup section */

/* Begin XCBuildConfiguration section */
		380B49AE1ED96EFB005F030B /* Debug */ = {
			isa = XCBuildConfiguration;
			buildSettings = {
				ALWAYS_SEARCH_USER_PATHS = NO;
				CLANG_ANALYZER_NONNULL = YES;
				CLANG_ANALYZER_NUMBER_OBJECT_CONVERSION = YES_AGGRESSIVE;
				CLANG_CXX_LANGUAGE_STANDARD = "gnu++0x";
				CLANG_CXX_LIBRARY = "libc++";
				CLANG_ENABLE_MODULES = YES;
				CLANG_ENABLE_OBJC_ARC = YES;
				CLANG_WARN_BOOL_CONVERSION = YES;
				CLANG_WARN_CONSTANT_CONVERSION = YES;
				CLANG_WARN_DIRECT_OBJC_ISA_USAGE = YES_ERROR;
				CLANG_WARN_DOCUMENTATION_COMMENTS = YES;
				CLANG_WARN_EMPTY_BODY = YES;
				CLANG_WARN_ENUM_CONVERSION = YES;
				CLANG_WARN_INFINITE_RECURSION = YES;
				CLANG_WARN_INT_CONVERSION = YES;
				CLANG_WARN_OBJC_ROOT_CLASS = YES_ERROR;
				CLANG_WARN_SUSPICIOUS_MOVE = YES;
				CLANG_WARN_UNREACHABLE_CODE = YES;
				CLANG_WARN__DUPLICATE_METHOD_MATCH = YES;
				"CODE_SIGN_IDENTITY[sdk=iphoneos*]" = "iPhone Developer";
				COPY_PHASE_STRIP = NO;
				DEBUG_INFORMATION_FORMAT = dwarf;
				ENABLE_STRICT_OBJC_MSGSEND = YES;
				ENABLE_TESTABILITY = YES;
				GCC_C_LANGUAGE_STANDARD = gnu99;
				GCC_DYNAMIC_NO_PIC = NO;
				GCC_NO_COMMON_BLOCKS = YES;
				GCC_OPTIMIZATION_LEVEL = 0;
				GCC_PREPROCESSOR_DEFINITIONS = (
					"DEBUG=1",
					"$(inherited)",
				);
				GCC_WARN_64_TO_32_BIT_CONVERSION = YES;
				GCC_WARN_ABOUT_RETURN_TYPE = YES_ERROR;
				GCC_WARN_UNDECLARED_SELECTOR = YES;
				GCC_WARN_UNINITIALIZED_AUTOS = YES_AGGRESSIVE;
				GCC_WARN_UNUSED_FUNCTION = YES;
				GCC_WARN_UNUSED_VARIABLE = YES;
				IPHONEOS_DEPLOYMENT_TARGET = 10.3;
				MTL_ENABLE_DEBUG_INFO = YES;
				ONLY_ACTIVE_ARCH = YES;
				SDKROOT = iphoneos;
				SWIFT_ACTIVE_COMPILATION_CONDITIONS = DEBUG;
				SWIFT_OPTIMIZATION_LEVEL = "-Onone";
			};
			name = Debug;
		};
		380B49AF1ED96EFB005F030B /* Release */ = {
			isa = XCBuildConfiguration;
			buildSettings = {
				ALWAYS_SEARCH_USER_PATHS = NO;
				CLANG_ANALYZER_NONNULL = YES;
				CLANG_ANALYZER_NUMBER_OBJECT_CONVERSION = YES_AGGRESSIVE;
				CLANG_CXX_LANGUAGE_STANDARD = "gnu++0x";
				CLANG_CXX_LIBRARY = "libc++";
				CLANG_ENABLE_MODULES = YES;
				CLANG_ENABLE_OBJC_ARC = YES;
				CLANG_WARN_BOOL_CONVERSION = YES;
				CLANG_WARN_CONSTANT_CONVERSION = YES;
				CLANG_WARN_DIRECT_OBJC_ISA_USAGE = YES_ERROR;
				CLANG_WARN_DOCUMENTATION_COMMENTS = YES;
				CLANG_WARN_EMPTY_BODY = YES;
				CLANG_WARN_ENUM_CONVERSION = YES;
				CLANG_WARN_INFINITE_RECURSION = YES;
				CLANG_WARN_INT_CONVERSION = YES;
				CLANG_WARN_OBJC_ROOT_CLASS = YES_ERROR;
				CLANG_WARN_SUSPICIOUS_MOVE = YES;
				CLANG_WARN_UNREACHABLE_CODE = YES;
				CLANG_WARN__DUPLICATE_METHOD_MATCH = YES;
				"CODE_SIGN_IDENTITY[sdk=iphoneos*]" = "iPhone Developer";
				COPY_PHASE_STRIP = NO;
				DEBUG_INFORMATION_FORMAT = "dwarf-with-dsym";
				ENABLE_NS_ASSERTIONS = NO;
				ENABLE_STRICT_OBJC_MSGSEND = YES;
				GCC_C_LANGUAGE_STANDARD = gnu99;
				GCC_NO_COMMON_BLOCKS = YES;
				GCC_WARN_64_TO_32_BIT_CONVERSION = YES;
				GCC_WARN_ABOUT_RETURN_TYPE = YES_ERROR;
				GCC_WARN_UNDECLARED_SELECTOR = YES;
				GCC_WARN_UNINITIALIZED_AUTOS = YES_AGGRESSIVE;
				GCC_WARN_UNUSED_FUNCTION = YES;
				GCC_WARN_UNUSED_VARIABLE = YES;
				IPHONEOS_DEPLOYMENT_TARGET = 10.3;
				MTL_ENABLE_DEBUG_INFO = NO;
				SDKROOT = iphoneos;
				SWIFT_OPTIMIZATION_LEVEL = "-Owholemodule";
				VALIDATE_PRODUCT = YES;
			};
			name = Release;
		};
		380B49B11ED96EFB005F030B /* Debug */ = {
			isa = XCBuildConfiguration;
			buildSettings = {
				ASSETCATALOG_COMPILER_APPICON_NAME = AppIcon;
				INFOPLIST_FILE = "Calculator Tip/Info.plist";
				LD_RUNPATH_SEARCH_PATHS = "$(inherited) @executable_path/Frameworks";
				PRODUCT_BUNDLE_IDENTIFIER = "Nhom5.Calculator-Tip";
				PRODUCT_NAME = "$(TARGET_NAME)";
				SWIFT_VERSION = 3.0;
			};
			name = Debug;
		};
		380B49B21ED96EFB005F030B /* Release */ = {
			isa = XCBuildConfiguration;
			buildSettings = {
				ASSETCATALOG_COMPILER_APPICON_NAME = AppIcon;
				INFOPLIST_FILE = "Calculator Tip/Info.plist";
				LD_RUNPATH_SEARCH_PATHS = "$(inherited) @executable_path/Frameworks";
				PRODUCT_BUNDLE_IDENTIFIER = "Nhom5.Calculator-Tip";
				PRODUCT_NAME = "$(TARGET_NAME)";
				SWIFT_VERSION = 3.0;
			};
			name = Release;
		};
		380B49B41ED96EFB005F030B /* Debug */ = {
			isa = XCBuildConfiguration;
			buildSettings = {
				ALWAYS_EMBED_SWIFT_STANDARD_LIBRARIES = YES;
				BUNDLE_LOADER = "$(TEST_HOST)";
				INFOPLIST_FILE = "Calculator TipTests/Info.plist";
				LD_RUNPATH_SEARCH_PATHS = "$(inherited) @executable_path/Frameworks @loader_path/Frameworks";
				PRODUCT_BUNDLE_IDENTIFIER = "Nhom5.Calculator-TipTests";
				PRODUCT_NAME = "$(TARGET_NAME)";
				SWIFT_VERSION = 3.0;
				TEST_HOST = "$(BUILT_PRODUCTS_DIR)/Calculator Tip.app/Calculator Tip";
			};
			name = Debug;
		};
		380B49B51ED96EFB005F030B /* Release */ = {
			isa = XCBuildConfiguration;
			buildSettings = {
				ALWAYS_EMBED_SWIFT_STANDARD_LIBRARIES = YES;
				BUNDLE_LOADER = "$(TEST_HOST)";
				INFOPLIST_FILE = "Calculator TipTests/Info.plist";
				LD_RUNPATH_SEARCH_PATHS = "$(inherited) @executable_path/Frameworks @loader_path/Frameworks";
				PRODUCT_BUNDLE_IDENTIFIER = "Nhom5.Calculator-TipTests";
				PRODUCT_NAME = "$(TARGET_NAME)";
				SWIFT_VERSION = 3.0;
				TEST_HOST = "$(BUILT_PRODUCTS_DIR)/Calculator Tip.app/Calculator Tip";
			};
			name = Release;
		};
		380B49B71ED96EFB005F030B /* Debug */ = {
			isa = XCBuildConfiguration;
			buildSettings = {
				ALWAYS_EMBED_SWIFT_STANDARD_LIBRARIES = YES;
				INFOPLIST_FILE = "Calculator TipUITests/Info.plist";
				LD_RUNPATH_SEARCH_PATHS = "$(inherited) @executable_path/Frameworks @loader_path/Frameworks";
				PRODUCT_BUNDLE_IDENTIFIER = "Nhom5.Calculator-TipUITests";
				PRODUCT_NAME = "$(TARGET_NAME)";
				SWIFT_VERSION = 3.0;
				TEST_TARGET_NAME = "Calculator Tip";
			};
			name = Debug;
		};
		380B49B81ED96EFB005F030B /* Release */ = {
			isa = XCBuildConfiguration;
			buildSettings = {
				ALWAYS_EMBED_SWIFT_STANDARD_LIBRARIES = YES;
				INFOPLIST_FILE = "Calculator TipUITests/Info.plist";
				LD_RUNPATH_SEARCH_PATHS = "$(inherited) @executable_path/Frameworks @loader_path/Frameworks";
				PRODUCT_BUNDLE_IDENTIFIER = "Nhom5.Calculator-TipUITests";
				PRODUCT_NAME = "$(TARGET_NAME)";
				SWIFT_VERSION = 3.0;
				TEST_TARGET_NAME = "Calculator Tip";
			};
			name = Release;
		};
/* End XCBuildConfiguration section */

/* Begin XCConfigurationList section */
		380B49801ED96EFA005F030B /* Build configuration list for PBXProject "Calculator Tip" */ = {
			isa = XCConfigurationList;
			buildConfigurations = (
				380B49AE1ED96EFB005F030B /* Debug */,
				380B49AF1ED96EFB005F030B /* Release */,
			);
			defaultConfigurationIsVisible = 0;
			defaultConfigurationName = Release;
		};
		380B49B01ED96EFB005F030B /* Build configuration list for PBXNativeTarget "Calculator Tip" */ = {
			isa = XCConfigurationList;
			buildConfigurations = (
				380B49B11ED96EFB005F030B /* Debug */,
				380B49B21ED96EFB005F030B /* Release */,
			);
			defaultConfigurationIsVisible = 0;
			defaultConfigurationName = Release;
		};
		380B49B31ED96EFB005F030B /* Build configuration list for PBXNativeTarget "Calculator TipTests" */ = {
			isa = XCConfigurationList;
			buildConfigurations = (
				380B49B41ED96EFB005F030B /* Debug */,
				380B49B51ED96EFB005F030B /* Release */,
			);
			defaultConfigurationIsVisible = 0;
			defaultConfigurationName = Release;
		};
		380B49B61ED96EFB005F030B /* Build configuration list for PBXNativeTarget "Calculator TipUITests" */ = {
			isa = XCConfigurationList;
			buildConfigurations = (
				380B49B71ED96EFB005F030B /* Debug */,
				380B49B81ED96EFB005F030B /* Release */,
			);
			defaultConfigurationIsVisible = 0;
			defaultConfigurationName = Release;
		};
/* End XCConfigurationList section */

/* Begin XCVersionGroup section */
		380B498F1ED96EFB005F030B /* Calculator_Tip.xcdatamodeld */ = {
			isa = XCVersionGroup;
			children = (
				380B49901ED96EFB005F030B /* Calculator_Tip.xcdatamodel */,
			);
			currentVersion = 380B49901ED96EFB005F030B /* Calculator_Tip.xcdatamodel */;
			path = Calculator_Tip.xcdatamodeld;
			sourceTree = "<group>";
			versionGroupType = wrapper.xcdatamodel;
		};
/* End XCVersionGroup section */
	};
	rootObject = 380B497D1ED96EFA005F030B /* Project object */;
}
